
Microsoft Visual Studio Solution File, Format Version 12.00
# Visual Studio Version 17
VisualStudioVersion = 17.10.35013.160
MinimumVisualStudioVersion = 10.0.40219.1
Project("{8BC9CEB8-8B4A-11D0-8D11-00A0C91BC942}") = "SandBox", "..\SandBox\SandBox.vcxproj", "{90A8BC7A-5D56-4231-BB44-0C3714823909}"
EndProject
Project("{8BC9CEB8-8B4A-11D0-8D11-00A0C91BC942}") = "HNgn", "HNgn.vcxproj", "{D9487CCE-49AC-419A-956E-3E6F37730170}"
EndProject
Global
	GlobalSection(SolutionConfigurationPlatforms) = preSolution
		Debug|x64 = Debug|x64
		Release|x64 = Release|x64
	EndGlobalSection
	GlobalSection(ProjectConfigurationPlatforms) = postSolution
		{D9487CCE-49AC-419A-956E-3E6F37730170}.Debug|x64.ActiveCfg = Debug|x64
		{D9487CCE-49AC-419A-956E-3E6F37730170}.Debug|x64.Build.0 = Debug|x64
		{D9487CCE-49AC-419A-956E-3E6F37730170}.Release|x64.ActiveCfg = Release|x64
		{D9487CCE-49AC-419A-956E-3E6F37730170}.Release|x64.Build.0 = Release|x64
		{90A8BC7A-5D56-4231-BB44-0C3714823909}.Debug|x64.ActiveCfg = Debug|x64
		{90A8BC7A-5D56-4231-BB44-0C3714823909}.Debug|x64.Build.0 = Debug|x64
		{90A8BC7A-5D56-4231-BB44-0C3714823909}.Release|x64.ActiveCfg = Release|x64
		{90A8BC7A-5D56-4231-BB44-0C3714823909}.Release|x64.Build.0 = Release|x64
	EndGlobalSection
	GlobalSection(SolutionProperties) = preSolution
		HideSolutionNode = FALSE
	EndGlobalSection
	GlobalSection(ExtensibilityGlobals) = postSolution
		SolutionGuid = {1E8151A0-EF75-459A-96A4-6A400FFAA547}
	EndGlobalSection
EndGlobal
